// !$*UTF8*$!
{
	archiveVersion = 1;
	classes = {
	};
	objectVersion = 50;
	objects = {

/* Begin PBXBuildFile section */
		254F10F625262AC800342D35 /* AppDelegate.swift in Sources */ = {isa = PBXBuildFile; fileRef = 254F10F525262AC800342D35 /* AppDelegate.swift */; };
		254F10F825262AC800342D35 /* SceneDelegate.swift in Sources */ = {isa = PBXBuildFile; fileRef = 254F10F725262AC800342D35 /* SceneDelegate.swift */; };
		254F10FA25262AC800342D35 /* ViewController.swift in Sources */ = {isa = PBXBuildFile; fileRef = 254F10F925262AC800342D35 /* ViewController.swift */; };
		254F10FD25262AC800342D35 /* Main.storyboard in Resources */ = {isa = PBXBuildFile; fileRef = 254F10FB25262AC800342D35 /* Main.storyboard */; };
		254F10FF25262AC800342D35 /* Assets.xcassets in Resources */ = {isa = PBXBuildFile; fileRef = 254F10FE25262AC800342D35 /* Assets.xcassets */; };
		254F110225262AC800342D35 /* LaunchScreen.storyboard in Resources */ = {isa = PBXBuildFile; fileRef = 254F110025262AC800342D35 /* LaunchScreen.storyboard */; };
		254F110D25262AC900342D35 /* fffTests.swift in Sources */ = {isa = PBXBuildFile; fileRef = 254F110C25262AC900342D35 /* fffTests.swift */; };
		254F111825262AC900342D35 /* fffUITests.swift in Sources */ = {isa = PBXBuildFile; fileRef = 254F111725262AC900342D35 /* fffUITests.swift */; };
/* End PBXBuildFile section */

/* Begin PBXContainerItemProxy section */
		254F110925262AC900342D35 /* PBXContainerItemProxy */ = {
			isa = PBXContainerItemProxy;
			containerPortal = 254F10EA25262AC800342D35 /* Project object */;
			proxyType = 1;
			remoteGlobalIDString = 254F10F125262AC800342D35;
			remoteInfo = fff;
		};
		254F111425262AC900342D35 /* PBXContainerItemProxy */ = {
			isa = PBXContainerItemProxy;
			containerPortal = 254F10EA25262AC800342D35 /* Project object */;
			proxyType = 1;
			remoteGlobalIDString = 254F10F125262AC800342D35;
			remoteInfo = fff;
		};
/* End PBXContainerItemProxy section */

/* Begin PBXFileReference section */
		254F10F225262AC800342D35 /* fff.app */ = {isa = PBXFileReference; explicitFileType = wrapper.application; includeInIndex = 0; path = fff.app; sourceTree = BUILT_PRODUCTS_DIR; };
		254F10F525262AC800342D35 /* AppDelegate.swift */ = {isa = PBXFileReference; lastKnownFileType = sourcecode.swift; path = AppDelegate.swift; sourceTree = "<group>"; };
		254F10F725262AC800342D35 /* SceneDelegate.swift */ = {isa = PBXFileReference; lastKnownFileType = sourcecode.swift; path = SceneDelegate.swift; sourceTree = "<group>"; };
		254F10F925262AC800342D35 /* ViewController.swift */ = {isa = PBXFileReference; lastKnownFileType = sourcecode.swift; path = ViewController.swift; sourceTree = "<group>"; };
		254F10FC25262AC800342D35 /* Base */ = {isa = PBXFileReference; lastKnownFileType = file.storyboard; name = Base; path = Base.lproj/Main.storyboard; sourceTree = "<group>"; };
		254F10FE25262AC800342D35 /* Assets.xcassets */ = {isa = PBXFileReference; lastKnownFileType = folder.assetcatalog; path = Assets.xcassets; sourceTree = "<group>"; };
		254F110125262AC800342D35 /* Base */ = {isa = PBXFileReference; lastKnownFileType = file.storyboard; name = Base; path = Base.lproj/LaunchScreen.storyboard; sourceTree = "<group>"; };
		254F110325262AC800342D35 /* Info.plist */ = {isa = PBXFileReference; lastKnownFileType = text.plist.xml; path = Info.plist; sourceTree = "<group>"; };
		254F110825262AC900342D35 /* fffTests.xctest */ = {isa = PBXFileReference; explicitFileType = wrapper.cfbundle; includeInIndex = 0; path = fffTests.xctest; sourceTree = BUILT_PRODUCTS_DIR; };
		254F110C25262AC900342D35 /* fffTests.swift */ = {isa = PBXFileReference; lastKnownFileType = sourcecode.swift; path = fffTests.swift; sourceTree = "<group>"; };
		254F110E25262AC900342D35 /* Info.plist */ = {isa = PBXFileReference; lastKnownFileType = text.plist.xml; path = Info.plist; sourceTree = "<group>"; };
		254F111325262AC900342D35 /* fffUITests.xctest */ = {isa = PBXFileReference; explicitFileType = wrapper.cfbundle; includeInIndex = 0; path = fffUITests.xctest; sourceTree = BUILT_PRODUCTS_DIR; };
		254F111725262AC900342D35 /* fffUITests.swift */ = {isa = PBXFileReference; lastKnownFileType = sourcecode.swift; path = fffUITests.swift; sourceTree = "<group>"; };
		254F111925262AC900342D35 /* Info.plist */ = {isa = PBXFileReference; lastKnownFileType = text.plist.xml; path = Info.plist; sourceTree = "<group>"; };
/* End PBXFileReference section */

/* Begin PBXFrameworksBuildPhase section */
		254F10EF25262AC800342D35 /* Frameworks */ = {
			isa = PBXFrameworksBuildPhase;
			buildActionMask = 2147483647;
			files = (
			);
			runOnlyForDeploymentPostprocessing = 0;
		};
		254F110525262AC900342D35 /* Frameworks */ = {
			isa = PBXFrameworksBuildPhase;
			buildActionMask = 2147483647;
			files = (
			);
			runOnlyForDeploymentPostprocessing = 0;
		};
		254F111025262AC900342D35 /* Frameworks */ = {
			isa = PBXFrameworksBuildPhase;
			buildActionMask = 2147483647;
			files = (
			);
			runOnlyForDeploymentPostprocessing = 0;
		};
/* End PBXFrameworksBuildPhase section */

/* Begin PBXGroup section */
		254F10E925262AC800342D35 = {
			isa = PBXGroup;
			children = (
				254F10F425262AC800342D35 /* fff */,
				254F110B25262AC900342D35 /* fffTests */,
				254F111625262AC900342D35 /* fffUITests */,
				254F10F325262AC800342D35 /* Products */,
			);
			sourceTree = "<group>";
		};
		254F10F325262AC800342D35 /* Products */ = {
			isa = PBXGroup;
			children = (
				254F10F225262AC800342D35 /* fff.app */,
				254F110825262AC900342D35 /* fffTests.xctest */,
				254F111325262AC900342D35 /* fffUITests.xctest */,
			);
			name = Products;
			sourceTree = "<group>";
		};
		254F10F425262AC800342D35 /* fff */ = {
			isa = PBXGroup;
			children = (
				254F10F525262AC800342D35 /* AppDelegate.swift */,
				254F10F725262AC800342D35 /* SceneDelegate.swift */,
				254F10F925262AC800342D35 /* ViewController.swift */,
				254F10FB25262AC800342D35 /* Main.storyboard */,
				254F10FE25262AC800342D35 /* Assets.xcassets */,
				254F110025262AC800342D35 /* LaunchScreen.storyboard */,
				254F110325262AC800342D35 /* Info.plist */,
			);
			path = fff;
			sourceTree = "<group>";
		};
		254F110B25262AC900342D35 /* fffTests */ = {
			isa = PBXGroup;
			children = (
				254F110C25262AC900342D35 /* fffTests.swift */,
				254F110E25262AC900342D35 /* Info.plist */,
			);
			path = fffTests;
			sourceTree = "<group>";
		};
		254F111625262AC900342D35 /* fffUITests */ = {
			isa = PBXGroup;
			children = (
				254F111725262AC900342D35 /* fffUITests.swift */,
				254F111925262AC900342D35 /* Info.plist */,
			);
			path = fffUITests;
			sourceTree = "<group>";
		};
/* End PBXGroup section */

/* Begin PBXNativeTarget section */
		254F10F125262AC800342D35 /* fff */ = {
			isa = PBXNativeTarget;
			buildConfigurationList = 254F111C25262AC900342D35 /* Build configuration list for PBXNativeTarget "fff" */;
			buildPhases = (
				254F10EE25262AC800342D35 /* Sources */,
				254F10EF25262AC800342D35 /* Frameworks */,
				254F10F025262AC800342D35 /* Resources */,
			);
			buildRules = (
			);
			dependencies = (
			);
			name = fff;
			productName = fff;
			productReference = 254F10F225262AC800342D35 /* fff.app */;
			productType = "com.apple.product-type.application";
		};
		254F110725262AC900342D35 /* fffTests */ = {
			isa = PBXNativeTarget;
			buildConfigurationList = 254F111F25262AC900342D35 /* Build configuration list for PBXNativeTarget "fffTests" */;
			buildPhases = (
				254F110425262AC900342D35 /* Sources */,
				254F110525262AC900342D35 /* Frameworks */,
				254F110625262AC900342D35 /* Resources */,
			);
			buildRules = (
			);
			dependencies = (
				254F110A25262AC900342D35 /* PBXTargetDependency */,
			);
			name = fffTests;
			productName = fffTests;
			productReference = 254F110825262AC900342D35 /* fffTests.xctest */;
			productType = "com.apple.product-type.bundle.unit-test";
		};
		254F111225262AC900342D35 /* fffUITests */ = {
			isa = PBXNativeTarget;
			buildConfigurationList = 254F112225262AC900342D35 /* Build configuration list for PBXNativeTarget "fffUITests" */;
			buildPhases = (
				254F110F25262AC900342D35 /* Sources */,
				254F111025262AC900342D35 /* Frameworks */,
				254F111125262AC900342D35 /* Resources */,
			);
			buildRules = (
			);
			dependencies = (
				254F111525262AC900342D35 /* PBXTargetDependency */,
			);
			name = fffUITests;
			productName = fffUITests;
			productReference = 254F111325262AC900342D35 /* fffUITests.xctest */;
			productType = "com.apple.product-type.bundle.ui-testing";
		};
/* End PBXNativeTarget section */

/* Begin PBXProject section */
		254F10EA25262AC800342D35 /* Project object */ = {
			isa = PBXProject;
			attributes = {
				LastSwiftUpdateCheck = 1200;
				LastUpgradeCheck = 1200;
				TargetAttributes = {
					254F10F125262AC800342D35 = {
						CreatedOnToolsVersion = 12.0.1;
					};
					254F110725262AC900342D35 = {
						CreatedOnToolsVersion = 12.0.1;
						TestTargetID = 254F10F125262AC800342D35;
					};
					254F111225262AC900342D35 = {
						CreatedOnToolsVersion = 12.0.1;
						TestTargetID = 254F10F125262AC800342D35;
					};
				};
			};
			buildConfigurationList = 254F10ED25262AC800342D35 /* Build configuration list for PBXProject "fff" */;
			compatibilityVersion = "Xcode 9.3";
			developmentRegion = en;
			hasScannedForEncodings = 0;
			knownRegions = (
				en,
				Base,
			);
			mainGroup = 254F10E925262AC800342D35;
			productRefGroup = 254F10F325262AC800342D35 /* Products */;
			projectDirPath = "";
			projectRoot = "";
			targets = (
				254F10F125262AC800342D35 /* fff */,
				254F110725262AC900342D35 /* fffTests */,
				254F111225262AC900342D35 /* fffUITests */,
			);
		};
/* End PBXProject section */

/* Begin PBXResourcesBuildPhase section */
		254F10F025262AC800342D35 /* Resources */ = {
			isa = PBXResourcesBuildPhase;
			buildActionMask = 2147483647;
			files = (
				254F110225262AC800342D35 /* LaunchScreen.storyboard in Resources */,
				254F10FF25262AC800342D35 /* Assets.xcassets in Resources */,
				254F10FD25262AC800342D35 /* Main.storyboard in Resources */,
			);
			runOnlyForDeploymentPostprocessing = 0;
		};
		254F110625262AC900342D35 /* Resources */ = {
			isa = PBXResourcesBuildPhase;
			buildActionMask = 2147483647;
			files = (
			);
			runOnlyForDeploymentPostprocessing = 0;
		};
		254F111125262AC900342D35 /* Resources */ = {
			isa = PBXResourcesBuildPhase;
			buildActionMask = 2147483647;
			files = (
			);
			runOnlyForDeploymentPostprocessing = 0;
		};
/* End PBXResourcesBuildPhase section */

/* Begin PBXSourcesBuildPhase section */
		254F10EE25262AC800342D35 /* Sources */ = {
			isa = PBXSourcesBuildPhase;
			buildActionMask = 2147483647;
			files = (
				254F10FA25262AC800342D35 /* ViewController.swift in Sources */,
				254F10F625262AC800342D35 /* AppDelegate.swift in Sources */,
				254F10F825262AC800342D35 /* SceneDelegate.swift in Sources */,
			);
			runOnlyForDeploymentPostprocessing = 0;
		};
		254F110425262AC900342D35 /* Sources */ = {
			isa = PBXSourcesBuildPhase;
			buildActionMask = 2147483647;
			files = (
				254F110D25262AC900342D35 /* fffTests.swift in Sources */,
			);
			runOnlyForDeploymentPostprocessing = 0;
		};
		254F110F25262AC900342D35 /* Sources */ = {
			isa = PBXSourcesBuildPhase;
			buildActionMask = 2147483647;
			files = (
				254F111825262AC900342D35 /* fffUITests.swift in Sources */,
			);
			runOnlyForDeploymentPostprocessing = 0;
		};
/* End PBXSourcesBuildPhase section */

/* Begin PBXTargetDependency section */
		254F110A25262AC900342D35 /* PBXTargetDependency */ = {
			isa = PBXTargetDependency;
			target = 254F10F125262AC800342D35 /* fff */;
			targetProxy = 254F110925262AC900342D35 /* PBXContainerItemProxy */;
		};
		254F111525262AC900342D35 /* PBXTargetDependency */ = {
			isa = PBXTargetDependency;
			target = 254F10F125262AC800342D35 /* fff */;
			targetProxy = 254F111425262AC900342D35 /* PBXContainerItemProxy */;
		};
/* End PBXTargetDependency section */

/* Begin PBXVariantGroup section */
		254F10FB25262AC800342D35 /* Main.storyboard */ = {
			isa = PBXVariantGroup;
			children = (
				254F10FC25262AC800342D35 /* Base */,
			);
			name = Main.storyboard;
			sourceTree = "<group>";
		};
		254F110025262AC800342D35 /* LaunchScreen.storyboard */ = {
			isa = PBXVariantGroup;
			children = (
				254F110125262AC800342D35 /* Base */,
			);
			name = LaunchScreen.storyboard;
			sourceTree = "<group>";
		};
/* End PBXVariantGroup section */

/* Begin XCBuildConfiguration section */
		254F111A25262AC900342D35 /* Debug */ = {
			isa = XCBuildConfiguration;
			buildSettings = {
				ALWAYS_SEARCH_USER_PATHS = NO;
				CLANG_ANALYZER_NONNULL = YES;
				CLANG_ANALYZER_NUMBER_OBJECT_CONVERSION = YES_AGGRESSIVE;
				CLANG_CXX_LANGUAGE_STANDARD = "gnu++14";
				CLANG_CXX_LIBRARY = "libc++";
				CLANG_ENABLE_MODULES = YES;
				CLANG_ENABLE_OBJC_ARC = YES;
				CLANG_ENABLE_OBJC_WEAK = YES;
				CLANG_WARN_BLOCK_CAPTURE_AUTORELEASING = YES;
				CLANG_WARN_BOOL_CONVERSION = YES;
				CLANG_WARN_COMMA = YES;
				CLANG_WARN_CONSTANT_CONVERSION = YES;
				CLANG_WARN_DEPRECATED_OBJC_IMPLEMENTATIONS = YES;
				CLANG_WARN_DIRECT_OBJC_ISA_USAGE = YES_ERROR;
				CLANG_WARN_DOCUMENTATION_COMMENTS = YES;
				CLANG_WARN_EMPTY_BODY = YES;
				CLANG_WARN_ENUM_CONVERSION = YES;
				CLANG_WARN_INFINITE_RECURSION = YES;
				CLANG_WARN_INT_CONVERSION = YES;
				CLANG_WARN_NON_LITERAL_NULL_CONVERSION = YES;
				CLANG_WARN_OBJC_IMPLICIT_RETAIN_SELF = YES;
				CLANG_WARN_OBJC_LITERAL_CONVERSION = YES;
				CLANG_WARN_OBJC_ROOT_CLASS = YES_ERROR;
				CLANG_WARN_QUOTED_INCLUDE_IN_FRAMEWORK_HEADER = YES;
				CLANG_WARN_RANGE_LOOP_ANALYSIS = YES;
				CLANG_WARN_STRICT_PROTOTYPES = YES;
				CLANG_WARN_SUSPICIOUS_MOVE = YES;
				CLANG_WARN_UNGUARDED_AVAILABILITY = YES_AGGRESSIVE;
				CLANG_WARN_UNREACHABLE_CODE = YES;
				CLANG_WARN__DUPLICATE_METHOD_MATCH = YES;
				COPY_PHASE_STRIP = NO;
				DEBUG_INFORMATION_FORMAT = dwarf;
				ENABLE_STRICT_OBJC_MSGSEND = YES;
				ENABLE_TESTABILITY = YES;
				GCC_C_LANGUAGE_STANDARD = gnu11;
				GCC_DYNAMIC_NO_PIC = NO;
				GCC_NO_COMMON_BLOCKS = YES;
				GCC_OPTIMIZATION_LEVEL = 0;
				GCC_PREPROCESSOR_DEFINITIONS = (
					"DEBUG=1",
					"$(inherited)",
				);
				GCC_WARN_64_TO_32_BIT_CONVERSION = YES;
				GCC_WARN_ABOUT_RETURN_TYPE = YES_ERROR;
				GCC_WARN_UNDECLARED_SELECTOR = YES;
				GCC_WARN_UNINITIALIZED_AUTOS = YES_AGGRESSIVE;
				GCC_WARN_UNUSED_FUNCTION = YES;
				GCC_WARN_UNUSED_VARIABLE = YES;
				IPHONEOS_DEPLOYMENT_TARGET = 14.0;
				MTL_ENABLE_DEBUG_INFO = INCLUDE_SOURCE;
				MTL_FAST_MATH = YES;
				ONLY_ACTIVE_ARCH = YES;
				SDKROOT = iphoneos;
				SWIFT_ACTIVE_COMPILATION_CONDITIONS = DEBUG;
				SWIFT_OPTIMIZATION_LEVEL = "-Onone";
			};
			name = Debug;
		};
		254F111B25262AC900342D35 /* Release */ = {
			isa = XCBuildConfiguration;
			buildSettings = {
				ALWAYS_SEARCH_USER_PATHS = NO;
				CLANG_ANALYZER_NONNULL = YES;
				CLANG_ANALYZER_NUMBER_OBJECT_CONVERSION = YES_AGGRESSIVE;
				CLANG_CXX_LANGUAGE_STANDARD = "gnu++14";
				CLANG_CXX_LIBRARY = "libc++";
				CLANG_ENABLE_MODULES = YES;
				CLANG_ENABLE_OBJC_ARC = YES;
				CLANG_ENABLE_OBJC_WEAK = YES;
				CLANG_WARN_BLOCK_CAPTURE_AUTORELEASING = YES;
				CLANG_WARN_BOOL_CONVERSION = YES;
				CLANG_WARN_COMMA = YES;
				CLANG_WARN_CONSTANT_CONVERSION = YES;
				CLANG_WARN_DEPRECATED_OBJC_IMPLEMENTATIONS = YES;
				CLANG_WARN_DIRECT_OBJC_ISA_USAGE = YES_ERROR;
				CLANG_WARN_DOCUMENTATION_COMMENTS = YES;
				CLANG_WARN_EMPTY_BODY = YES;
				CLANG_WARN_ENUM_CONVERSION = YES;
				CLANG_WARN_INFINITE_RECURSION = YES;
				CLANG_WARN_INT_CONVERSION = YES;
				CLANG_WARN_NON_LITERAL_NULL_CONVERSION = YES;
				CLANG_WARN_OBJC_IMPLICIT_RETAIN_SELF = YES;
				CLANG_WARN_OBJC_LITERAL_CONVERSION = YES;
				CLANG_WARN_OBJC_ROOT_CLASS = YES_ERROR;
				CLANG_WARN_QUOTED_INCLUDE_IN_FRAMEWORK_HEADER = YES;
				CLANG_WARN_RANGE_LOOP_ANALYSIS = YES;
				CLANG_WARN_STRICT_PROTOTYPES = YES;
				CLANG_WARN_SUSPICIOUS_MOVE = YES;
				CLANG_WARN_UNGUARDED_AVAILABILITY = YES_AGGRESSIVE;
				CLANG_WARN_UNREACHABLE_CODE = YES;
				CLANG_WARN__DUPLICATE_METHOD_MATCH = YES;
				COPY_PHASE_STRIP = NO;
				DEBUG_INFORMATION_FORMAT = "dwarf-with-dsym";
				ENABLE_NS_ASSERTIONS = NO;
				ENABLE_STRICT_OBJC_MSGSEND = YES;
				GCC_C_LANGUAGE_STANDARD = gnu11;
				GCC_NO_COMMON_BLOCKS = YES;
				GCC_WARN_64_TO_32_BIT_CONVERSION = YES;
				GCC_WARN_ABOUT_RETURN_TYPE = YES_ERROR;
				GCC_WARN_UNDECLARED_SELECTOR = YES;
				GCC_WARN_UNINITIALIZED_AUTOS = YES_AGGRESSIVE;
				GCC_WARN_UNUSED_FUNCTION = YES;
				GCC_WARN_UNUSED_VARIABLE = YES;
				IPHONEOS_DEPLOYMENT_TARGET = 14.0;
				MTL_ENABLE_DEBUG_INFO = NO;
				MTL_FAST_MATH = YES;
				SDKROOT = iphoneos;
				SWIFT_COMPILATION_MODE = wholemodule;
				SWIFT_OPTIMIZATION_LEVEL = "-O";
				VALIDATE_PRODUCT = YES;
			};
			name = Release;
		};
		254F111D25262AC900342D35 /* Debug */ = {
			isa = XCBuildConfiguration;
			buildSettings = {
				ASSETCATALOG_COMPILER_APPICON_NAME = AppIcon;
				ASSETCATALOG_COMPILER_GLOBAL_ACCENT_COLOR_NAME = AccentColor;
				CODE_SIGN_STYLE = Automatic;
				DEVELOPMENT_TEAM = RZYCGPT54Z;
				INFOPLIST_FILE = fff/Info.plist;
				LD_RUNPATH_SEARCH_PATHS = (
					"$(inherited)",
					"@executable_path/Frameworks",
				);
				PRODUCT_BUNDLE_IDENTIFIER = jp.techacademy.yoshinori.akiyama.fff;
				PRODUCT_NAME = "$(TARGET_NAME)";
				SWIFT_VERSION = 5.0;
				TARGETED_DEVICE_FAMILY = "1,2";
			};
			name = Debug;
		};
		254F111E25262AC900342D35 /* Release */ = {
			isa = XCBuildConfiguration;
			buildSettings = {
				ASSETCATALOG_COMPILER_APPICON_NAME = AppIcon;
				ASSETCATALOG_COMPILER_GLOBAL_ACCENT_COLOR_NAME = AccentColor;
				CODE_SIGN_STYLE = Automatic;
				DEVELOPMENT_TEAM = RZYCGPT54Z;
				INFOPLIST_FILE = fff/Info.plist;
				LD_RUNPATH_SEARCH_PATHS = (
					"$(inherited)",
					"@executable_path/Frameworks",
				);
				PRODUCT_BUNDLE_IDENTIFIER = jp.techacademy.yoshinori.akiyama.fff;
				PRODUCT_NAME = "$(TARGET_NAME)";
				SWIFT_VERSION = 5.0;
				TARGETED_DEVICE_FAMILY = "1,2";
			};
			name = Release;
		};
		254F112025262AC900342D35 /* Debug */ = {
			isa = XCBuildConfiguration;
			buildSettings = {
				ALWAYS_EMBED_SWIFT_STANDARD_LIBRARIES = YES;
				BUNDLE_LOADER = "$(TEST_HOST)";
				CODE_SIGN_STYLE = Automatic;
				DEVELOPMENT_TEAM = RZYCGPT54Z;
				INFOPLIST_FILE = fffTests/Info.plist;
				IPHONEOS_DEPLOYMENT_TARGET = 14.0;
				LD_RUNPATH_SEARCH_PATHS = (
					"$(inherited)",
					"@executable_path/Frameworks",
					"@loader_path/Frameworks",
				);
				PRODUCT_BUNDLE_IDENTIFIER = jp.techacademy.yoshinori.akiyama.fffTests;
				PRODUCT_NAME = "$(TARGET_NAME)";
				SWIFT_VERSION = 5.0;
				TARGETED_DEVICE_FAMILY = "1,2";
				TEST_HOST = "$(BUILT_PRODUCTS_DIR)/fff.app/fff";
			};
			name = Debug;
		};
		254F112125262AC900342D35 /* Release */ = {
			isa = XCBuildConfiguration;
			buildSettings = {
				ALWAYS_EMBED_SWIFT_STANDARD_LIBRARIES = YES;
				BUNDLE_LOADER = "$(TEST_HOST)";
				CODE_SIGN_STYLE = Automatic;
				DEVELOPMENT_TEAM = RZYCGPT54Z;
				INFOPLIST_FILE = fffTests/Info.plist;
				IPHONEOS_DEPLOYMENT_TARGET = 14.0;
				LD_RUNPATH_SEARCH_PATHS = (
					"$(inherited)",
					"@executable_path/Frameworks",
					"@loader_path/Frameworks",
				);
				PRODUCT_BUNDLE_IDENTIFIER = jp.techacademy.yoshinori.akiyama.fffTests;
				PRODUCT_NAME = "$(TARGET_NAME)";
				SWIFT_VERSION = 5.0;
				TARGETED_DEVICE_FAMILY = "1,2";
				TEST_HOST = "$(BUILT_PRODUCTS_DIR)/fff.app/fff";
			};
			name = Release;
		};
		254F112325262AC900342D35 /* Debug */ = {
			isa = XCBuildConfiguration;
			buildSettings = {
				ALWAYS_EMBED_SWIFT_STANDARD_LIBRARIES = YES;
				CODE_SIGN_STYLE = Automatic;
				DEVELOPMENT_TEAM = RZYCGPT54Z;
				INFOPLIST_FILE = fffUITests/Info.plist;
				LD_RUNPATH_SEARCH_PATHS = (
					"$(inherited)",
					"@executable_path/Frameworks",
					"@loader_path/Frameworks",
				);
				PRODUCT_BUNDLE_IDENTIFIER = jp.techacademy.yoshinori.akiyama.fffUITests;
				PRODUCT_NAME = "$(TARGET_NAME)";
				SWIFT_VERSION = 5.0;
				TARGETED_DEVICE_FAMILY = "1,2";
				TEST_TARGET_NAME = fff;
			};
			name = Debug;
		};
		254F112425262AC900342D35 /* Release */ = {
			isa = XCBuildConfiguration;
			buildSettings = {
				ALWAYS_EMBED_SWIFT_STANDARD_LIBRARIES = YES;
				CODE_SIGN_STYLE = Automatic;
				DEVELOPMENT_TEAM = RZYCGPT54Z;
				INFOPLIST_FILE = fffUITests/Info.plist;
				LD_RUNPATH_SEARCH_PATHS = (
					"$(inherited)",
					"@executable_path/Frameworks",
					"@loader_path/Frameworks",
				);
				PRODUCT_BUNDLE_IDENTIFIER = jp.techacademy.yoshinori.akiyama.fffUITests;
				PRODUCT_NAME = "$(TARGET_NAME)";
				SWIFT_VERSION = 5.0;
				TARGETED_DEVICE_FAMILY = "1,2";
				TEST_TARGET_NAME = fff;
			};
			name = Release;
		};
/* End XCBuildConfiguration section */

/* Begin XCConfigurationList section */
		254F10ED25262AC800342D35 /* Build configuration list for PBXProject "fff" */ = {
			isa = XCConfigurationList;
			buildConfigurations = (
				254F111A25262AC900342D35 /* Debug */,
				254F111B25262AC900342D35 /* Release */,
			);
			defaultConfigurationIsVisible = 0;
			defaultConfigurationName = Release;
		};
		254F111C25262AC900342D35 /* Build configuration list for PBXNativeTarget "fff" */ = {
			isa = XCConfigurationList;
			buildConfigurations = (
				254F111D25262AC900342D35 /* Debug */,
				254F111E25262AC900342D35 /* Release */,
			);
			defaultConfigurationIsVisible = 0;
			defaultConfigurationName = Release;
		};
		254F111F25262AC900342D35 /* Build configuration list for PBXNativeTarget "fffTests" */ = {
			isa = XCConfigurationList;
			buildConfigurations = (
				254F112025262AC900342D35 /* Debug */,
				254F112125262AC900342D35 /* Release */,
			);
			defaultConfigurationIsVisible = 0;
			defaultConfigurationName = Release;
		};
		254F112225262AC900342D35 /* Build configuration list for PBXNativeTarget "fffUITests" */ = {
			isa = XCConfigurationList;
			buildConfigurations = (
				254F112325262AC900342D35 /* Debug */,
				254F112425262AC900342D35 /* Release */,
			);
			defaultConfigurationIsVisible = 0;
			defaultConfigurationName = Release;
		};
/* End XCConfigurationList section */
	};
	rootObject = 254F10EA25262AC800342D35 /* Project object */;
}
